{
  "requires": true,
  "lockfileVersion": 1,
  "dependencies": {
    "caniuse-lite": {
      "version": "1.0.30001267",
      "resolved": "https://registry.npmjs.org/caniuse-lite/-/caniuse-lite-1.0.30001267.tgz",
      "integrity": "sha512-r1mjTzAuJ9W8cPBGbbus8E0SKcUP7gn03R14Wk8FlAlqhH9hroy9nLqmpuXlfKEw/oILW+FGz47ipXV2O7x8lg=="
    }
  }
}
